<?xml version="1.0" encoding="utf-8"?>
<Project ToolsVersion="4.0" xmlns="http://schemas.microsoft.com/developer/msbuild/2003">
  <ItemGroup>
    <Filter Include="Source Files">
      <UniqueIdentifier>{4FC737F1-C7A5-4376-A066-2A32D752A2FF}</UniqueIdentifier>
      <Extensions>cpp;c;cc;cxx;def;odl;idl;hpj;bat;asm;asmx</Extensions>
    </Filter>
    <Filter Include="Header Files">
      <UniqueIdentifier>{93995380-89BD-4b04-88EB-625FBE52EBFB}</UniqueIdentifier>
      <Extensions>h;hh;hpp;hxx;hm;inl;inc;xsd</Extensions>
    </Filter>
    <Filter Include="Resource Files">
      <UniqueIdentifier>{67DA6AB6-F800-4c08-8B7A-83BB121AAD01}</UniqueIdentifier>
      <Extensions>rc;ico;cur;bmp;dlg;rc2;rct;bin;rgs;gif;jpg;jpeg;jpe;resx;tiff;tif;png;wav;mfcribbon-ms</Extensions>
    </Filter>
  </ItemGroup>
  <ItemGroup>
    <ClCompile Include="Animal.cpp">
      <Filter>Source Files</Filter>
    </ClCompile>
    <ClCompile Include="Area.cpp">
      <Filter>Source Files</Filter>
    </ClCompile>
    <ClCompile Include="AreaManager.cpp">
      <Filter>Source Files</Filter>
    </ClCompile>
    <ClCompile Include="Giraffe.cpp">
      <Filter>Source Files</Filter>
    </ClCompile>
    <ClCompile Include="Horse.cpp">
      <Filter>Source Files</Filter>
    </ClCompile>
    <ClCompile Include="Keeper.cpp">
      <Filter>Source Files</Filter>
    </ClCompile>
    <ClCompile Include="Lion.cpp">
      <Filter>Source Files</Filter>
    </ClCompile>
    <ClCompile Include="main.cpp">
      <Filter>Source Files</Filter>
    </ClCompile>
    <ClCompile Include="MaintenanceWorker.cpp">
      <Filter>Source Files</Filter>
    </ClCompile>
    <ClCompile Include="Penguin.cpp">
      <Filter>Source Files</Filter>
    </ClCompile>
    <ClCompile Include="Veterinarian.cpp">
      <Filter>Source Files</Filter>
    </ClCompile>
    <ClCompile Include="Worker.cpp">
      <Filter>Source Files</Filter>
    </ClCompile>
    <ClCompile Include="Zebra.cpp">
      <Filter>Source Files</Filter>
    </ClCompile>
    <ClCompile Include="Zebroid.cpp">
      <Filter>Source Files</Filter>
    </ClCompile>
    <ClCompile Include="Zoo.cpp">
      <Filter>Source Files</Filter>
    </ClCompile>
    <ClCompile Include="Elephant.cpp">
      <Filter>Source Files</Filter>
    </ClCompile>
    <ClCompile Include="AdapterLion.cpp">
      <Filter>Source Files</Filter>
    </ClCompile>
  </ItemGroup>
  <ItemGroup>
    <ClInclude Include="Area.h">
      <Filter>Header Files</Filter>
    </ClInclude>
    <ClInclude Include="AreaManager.h">
      <Filter>Header Files</Filter>
    </ClInclude>
    <ClInclude Include="Elephant.h">
      <Filter>Header Files</Filter>
    </ClInclude>
    <ClInclude Include="Giraffe.h">
      <Filter>Header Files</Filter>
    </ClInclude>
    <ClInclude Include="Horse.h">
      <Filter>Header Files</Filter>
    </ClInclude>
    <ClInclude Include="Keeper.h">
      <Filter>Header Files</Filter>
    </ClInclude>
    <ClInclude Include="Lion.h">
      <Filter>Header Files</Filter>
    </ClInclude>
    <ClInclude Include="MaintenanceWorker.h">
      <Filter>Header Files</Filter>
    </ClInclude>
    <ClInclude Include="Penguin.h">
      <Filter>Header Files</Filter>
    </ClInclude>
    <ClInclude Include="Veterinarian.h">
      <Filter>Header Files</Filter>
    </ClInclude>
    <ClInclude Include="Worker.h">
      <Filter>Header Files</Filter>
    </ClInclude>
    <ClInclude Include="Zebra.h">
      <Filter>Header Files</Filter>
    </ClInclude>
    <ClInclude Include="Zebroid.h">
      <Filter>Header Files</Filter>
    </ClInclude>
    <ClInclude Include="Zoo.h">
      <Filter>Header Files</Filter>
    </ClInclude>
    <ClInclude Include="..\..\..\..\..\Downloads\RoieDanino_and_MaayanKrasno_Zoo_pt3\Zoo_pt3\Zoo_pt3\MyLinkedList.h">
      <Filter>Header Files</Filter>
    </ClInclude>
    <ClInclude Include="Animal.h">
      <Filter>Header Files</Filter>
    </ClInclude>
    <ClInclude Include="adapterAnimal.h">
      <Filter>Header Files</Filter>
    </ClInclude>
    <ClInclude Include="AdapterLion.h">
      <Filter>Header Files</Filter>
    </ClInclude>
  </ItemGroup>
</Project>